
Microsoft Visual Studio Solution File, Format Version 11.00
# Visual Studio 2010
Project("{FAE04EC0-301F-11D3-BF4B-00C04F79EFBC}") = "Fall-In", "Assembly-CSharp.csproj", "{45F7ACB5-DE69-AB0A-0026-25963AD3D938}"
EndProject
Project("{FAE04EC0-301F-11D3-BF4B-00C04F79EFBC}") = "Fall-In", "Assembly-CSharp-Editor.csproj", "{0B483D28-5938-248A-4EA7-751FCEEC697C}"
EndProject
Global
	GlobalSection(SolutionConfigurationPlatforms) = preSolution
		Debug|Any CPU = Debug|Any CPU
		Release|Any CPU = Release|Any CPU
	EndGlobalSection
	GlobalSection(ProjectConfigurationPlatforms) = postSolution
		{45F7ACB5-DE69-AB0A-0026-25963AD3D938}.Debug|Any CPU.ActiveCfg = Debug|Any CPU
		{45F7ACB5-DE69-AB0A-0026-25963AD3D938}.Debug|Any CPU.Build.0 = Debug|Any CPU
		{45F7ACB5-DE69-AB0A-0026-25963AD3D938}.Release|Any CPU.ActiveCfg = Release|Any CPU
		{45F7ACB5-DE69-AB0A-0026-25963AD3D938}.Release|Any CPU.Build.0 = Release|Any CPU
		{0B483D28-5938-248A-4EA7-751FCEEC697C}.Debug|Any CPU.ActiveCfg = Debug|Any CPU
		{0B483D28-5938-248A-4EA7-751FCEEC697C}.Debug|Any CPU.Build.0 = Debug|Any CPU
		{0B483D28-5938-248A-4EA7-751FCEEC697C}.Release|Any CPU.ActiveCfg = Release|Any CPU
		{0B483D28-5938-248A-4EA7-751FCEEC697C}.Release|Any CPU.Build.0 = Release|Any CPU
	EndGlobalSection
	GlobalSection(SolutionProperties) = preSolution
		HideSolutionNode = FALSE
	EndGlobalSection
	GlobalSection(MonoDevelopProperties) = preSolution
		StartupItem = Assembly-CSharp.csproj
	EndGlobalSection
EndGlobal
